
Microsoft Visual Studio Solution File, Format Version 12.00
# Visual Studio Version 16
VisualStudioVersion = 16.0.28803.452
MinimumVisualStudioVersion = 10.0.40219.1
Project("{FAE04EC0-301F-11D3-BF4B-00C04F79EFBC}") = "ChroniCalc", "ChroniCalc\ChroniCalc.csproj", "{C538E5C4-0378-449F-937F-1ACEF63D9C44}"
EndProject
Global
	GlobalSection(SolutionConfigurationPlatforms) = preSolution
		Debug|Any CPU = Debug|Any CPU
		Release|Any CPU = Release|Any CPU
	EndGlobalSection
	GlobalSection(ProjectConfigurationPlatforms) = postSolution
		{C538E5C4-0378-449F-937F-1ACEF63D9C44}.Debug|Any CPU.ActiveCfg = Debug|Any CPU
		{C538E5C4-0378-449F-937F-1ACEF63D9C44}.Debug|Any CPU.Build.0 = Debug|Any CPU
		{C538E5C4-0378-449F-937F-1ACEF63D9C44}.Release|Any CPU.ActiveCfg = Release|Any CPU
		{C538E5C4-0378-449F-937F-1ACEF63D9C44}.Release|Any CPU.Build.0 = Release|Any CPU
	EndGlobalSection
	GlobalSection(SolutionProperties) = preSolution
		HideSolutionNode = FALSE
	EndGlobalSection
	GlobalSection(ExtensibilityGlobals) = postSolution
		SolutionGuid = {005E96B9-9BB2-4A6B-9B73-701B3D1F03EE}
	EndGlobalSection
EndGlobal
